// !$*UTF8*$!
{
	archiveVersion = 1;
	classes = {
	};
	objectVersion = 50;
	objects = {

/* Begin PBXBuildFile section */
		24CB8AED260F33F3003B3004 /* Tests_iOS.swift in Sources */ = {isa = PBXBuildFile; fileRef = 24CB8AEC260F33F3003B3004 /* Tests_iOS.swift */; };
		24CB8AF8260F33F3003B3004 /* Tests_macOS.swift in Sources */ = {isa = PBXBuildFile; fileRef = 24CB8AF7260F33F3003B3004 /* Tests_macOS.swift */; };
		24CB8AFA260F33F3003B3004 /* SwiftUI_TutorialsApp.swift in Sources */ = {isa = PBXBuildFile; fileRef = 24CB8AD1260F33F1003B3004 /* SwiftUI_TutorialsApp.swift */; };
		24CB8AFB260F33F3003B3004 /* SwiftUI_TutorialsApp.swift in Sources */ = {isa = PBXBuildFile; fileRef = 24CB8AD1260F33F1003B3004 /* SwiftUI_TutorialsApp.swift */; };
		24CB8AFC260F33F3003B3004 /* ContentView.swift in Sources */ = {isa = PBXBuildFile; fileRef = 24CB8AD2260F33F1003B3004 /* ContentView.swift */; };
		24CB8AFD260F33F3003B3004 /* ContentView.swift in Sources */ = {isa = PBXBuildFile; fileRef = 24CB8AD2260F33F1003B3004 /* ContentView.swift */; };
		24CB8AFE260F33F3003B3004 /* Assets.xcassets in Resources */ = {isa = PBXBuildFile; fileRef = 24CB8AD3260F33F3003B3004 /* Assets.xcassets */; };
		24CB8AFF260F33F3003B3004 /* Assets.xcassets in Resources */ = {isa = PBXBuildFile; fileRef = 24CB8AD3260F33F3003B3004 /* Assets.xcassets */; };
/* End PBXBuildFile section */

/* Begin PBXContainerItemProxy section */
		24CB8AE9260F33F3003B3004 /* PBXContainerItemProxy */ = {
			isa = PBXContainerItemProxy;
			containerPortal = 24CB8ACC260F33F1003B3004 /* Project object */;
			proxyType = 1;
			remoteGlobalIDString = 24CB8AD7260F33F3003B3004;
			remoteInfo = "SwiftUI_Tutorials (iOS)";
		};
		24CB8AF4260F33F3003B3004 /* PBXContainerItemProxy */ = {
			isa = PBXContainerItemProxy;
			containerPortal = 24CB8ACC260F33F1003B3004 /* Project object */;
			proxyType = 1;
			remoteGlobalIDString = 24CB8ADF260F33F3003B3004;
			remoteInfo = "SwiftUI_Tutorials (macOS)";
		};
/* End PBXContainerItemProxy section */

/* Begin PBXFileReference section */
		24CB8AD1260F33F1003B3004 /* SwiftUI_TutorialsApp.swift */ = {isa = PBXFileReference; lastKnownFileType = sourcecode.swift; path = SwiftUI_TutorialsApp.swift; sourceTree = "<group>"; };
		24CB8AD2260F33F1003B3004 /* ContentView.swift */ = {isa = PBXFileReference; lastKnownFileType = sourcecode.swift; path = ContentView.swift; sourceTree = "<group>"; };
		24CB8AD3260F33F3003B3004 /* Assets.xcassets */ = {isa = PBXFileReference; lastKnownFileType = folder.assetcatalog; path = Assets.xcassets; sourceTree = "<group>"; };
		24CB8AD8260F33F3003B3004 /* SwiftUI_Tutorials.app */ = {isa = PBXFileReference; explicitFileType = wrapper.application; includeInIndex = 0; path = SwiftUI_Tutorials.app; sourceTree = BUILT_PRODUCTS_DIR; };
		24CB8ADB260F33F3003B3004 /* Info.plist */ = {isa = PBXFileReference; lastKnownFileType = text.plist.xml; path = Info.plist; sourceTree = "<group>"; };
		24CB8AE0260F33F3003B3004 /* SwiftUI_Tutorials.app */ = {isa = PBXFileReference; explicitFileType = wrapper.application; includeInIndex = 0; path = SwiftUI_Tutorials.app; sourceTree = BUILT_PRODUCTS_DIR; };
		24CB8AE2260F33F3003B3004 /* Info.plist */ = {isa = PBXFileReference; lastKnownFileType = text.plist.xml; path = Info.plist; sourceTree = "<group>"; };
		24CB8AE3260F33F3003B3004 /* macOS.entitlements */ = {isa = PBXFileReference; lastKnownFileType = text.plist.entitlements; path = macOS.entitlements; sourceTree = "<group>"; };
		24CB8AE8260F33F3003B3004 /* Tests iOS.xctest */ = {isa = PBXFileReference; explicitFileType = wrapper.cfbundle; includeInIndex = 0; path = "Tests iOS.xctest"; sourceTree = BUILT_PRODUCTS_DIR; };
		24CB8AEC260F33F3003B3004 /* Tests_iOS.swift */ = {isa = PBXFileReference; lastKnownFileType = sourcecode.swift; path = Tests_iOS.swift; sourceTree = "<group>"; };
		24CB8AEE260F33F3003B3004 /* Info.plist */ = {isa = PBXFileReference; lastKnownFileType = text.plist.xml; path = Info.plist; sourceTree = "<group>"; };
		24CB8AF3260F33F3003B3004 /* Tests macOS.xctest */ = {isa = PBXFileReference; explicitFileType = wrapper.cfbundle; includeInIndex = 0; path = "Tests macOS.xctest"; sourceTree = BUILT_PRODUCTS_DIR; };
		24CB8AF7260F33F3003B3004 /* Tests_macOS.swift */ = {isa = PBXFileReference; lastKnownFileType = sourcecode.swift; path = Tests_macOS.swift; sourceTree = "<group>"; };
		24CB8AF9260F33F3003B3004 /* Info.plist */ = {isa = PBXFileReference; lastKnownFileType = text.plist.xml; path = Info.plist; sourceTree = "<group>"; };
/* End PBXFileReference section */

/* Begin PBXFrameworksBuildPhase section */
		24CB8AD5260F33F3003B3004 /* Frameworks */ = {
			isa = PBXFrameworksBuildPhase;
			buildActionMask = 2147483647;
			files = (
			);
			runOnlyForDeploymentPostprocessing = 0;
		};
		24CB8ADD260F33F3003B3004 /* Frameworks */ = {
			isa = PBXFrameworksBuildPhase;
			buildActionMask = 2147483647;
			files = (
			);
			runOnlyForDeploymentPostprocessing = 0;
		};
		24CB8AE5260F33F3003B3004 /* Frameworks */ = {
			isa = PBXFrameworksBuildPhase;
			buildActionMask = 2147483647;
			files = (
			);
			runOnlyForDeploymentPostprocessing = 0;
		};
		24CB8AF0260F33F3003B3004 /* Frameworks */ = {
			isa = PBXFrameworksBuildPhase;
			buildActionMask = 2147483647;
			files = (
			);
			runOnlyForDeploymentPostprocessing = 0;
		};
/* End PBXFrameworksBuildPhase section */

/* Begin PBXGroup section */
		24CB8ACB260F33F1003B3004 = {
			isa = PBXGroup;
			children = (
				24CB8AD0260F33F1003B3004 /* Shared */,
				24CB8ADA260F33F3003B3004 /* iOS */,
				24CB8AE1260F33F3003B3004 /* macOS */,
				24CB8AEB260F33F3003B3004 /* Tests iOS */,
				24CB8AF6260F33F3003B3004 /* Tests macOS */,
				24CB8AD9260F33F3003B3004 /* Products */,
			);
			sourceTree = "<group>";
		};
		24CB8AD0260F33F1003B3004 /* Shared */ = {
			isa = PBXGroup;
			children = (
				24CB8AD1260F33F1003B3004 /* SwiftUI_TutorialsApp.swift */,
				24CB8AD2260F33F1003B3004 /* ContentView.swift */,
				24CB8AD3260F33F3003B3004 /* Assets.xcassets */,
			);
			path = Shared;
			sourceTree = "<group>";
		};
		24CB8AD9260F33F3003B3004 /* Products */ = {
			isa = PBXGroup;
			children = (
				24CB8AD8260F33F3003B3004 /* SwiftUI_Tutorials.app */,
				24CB8AE0260F33F3003B3004 /* SwiftUI_Tutorials.app */,
				24CB8AE8260F33F3003B3004 /* Tests iOS.xctest */,
				24CB8AF3260F33F3003B3004 /* Tests macOS.xctest */,
			);
			name = Products;
			sourceTree = "<group>";
		};
		24CB8ADA260F33F3003B3004 /* iOS */ = {
			isa = PBXGroup;
			children = (
				24CB8ADB260F33F3003B3004 /* Info.plist */,
			);
			path = iOS;
			sourceTree = "<group>";
		};
		24CB8AE1260F33F3003B3004 /* macOS */ = {
			isa = PBXGroup;
			children = (
				24CB8AE2260F33F3003B3004 /* Info.plist */,
				24CB8AE3260F33F3003B3004 /* macOS.entitlements */,
			);
			path = macOS;
			sourceTree = "<group>";
		};
		24CB8AEB260F33F3003B3004 /* Tests iOS */ = {
			isa = PBXGroup;
			children = (
				24CB8AEC260F33F3003B3004 /* Tests_iOS.swift */,
				24CB8AEE260F33F3003B3004 /* Info.plist */,
			);
			path = "Tests iOS";
			sourceTree = "<group>";
		};
		24CB8AF6260F33F3003B3004 /* Tests macOS */ = {
			isa = PBXGroup;
			children = (
				24CB8AF7260F33F3003B3004 /* Tests_macOS.swift */,
				24CB8AF9260F33F3003B3004 /* Info.plist */,
			);
			path = "Tests macOS";
			sourceTree = "<group>";
		};
/* End PBXGroup section */

/* Begin PBXNativeTarget section */
		24CB8AD7260F33F3003B3004 /* SwiftUI_Tutorials (iOS) */ = {
			isa = PBXNativeTarget;
			buildConfigurationList = 24CB8B02260F33F3003B3004 /* Build configuration list for PBXNativeTarget "SwiftUI_Tutorials (iOS)" */;
			buildPhases = (
				24CB8AD4260F33F3003B3004 /* Sources */,
				24CB8AD5260F33F3003B3004 /* Frameworks */,
				24CB8AD6260F33F3003B3004 /* Resources */,
			);
			buildRules = (
			);
			dependencies = (
			);
			name = "SwiftUI_Tutorials (iOS)";
			productName = "SwiftUI_Tutorials (iOS)";
			productReference = 24CB8AD8260F33F3003B3004 /* SwiftUI_Tutorials.app */;
			productType = "com.apple.product-type.application";
		};
		24CB8ADF260F33F3003B3004 /* SwiftUI_Tutorials (macOS) */ = {
			isa = PBXNativeTarget;
			buildConfigurationList = 24CB8B05260F33F3003B3004 /* Build configuration list for PBXNativeTarget "SwiftUI_Tutorials (macOS)" */;
			buildPhases = (
				24CB8ADC260F33F3003B3004 /* Sources */,
				24CB8ADD260F33F3003B3004 /* Frameworks */,
				24CB8ADE260F33F3003B3004 /* Resources */,
			);
			buildRules = (
			);
			dependencies = (
			);
			name = "SwiftUI_Tutorials (macOS)";
			productName = "SwiftUI_Tutorials (macOS)";
			productReference = 24CB8AE0260F33F3003B3004 /* SwiftUI_Tutorials.app */;
			productType = "com.apple.product-type.application";
		};
		24CB8AE7260F33F3003B3004 /* Tests iOS */ = {
			isa = PBXNativeTarget;
			buildConfigurationList = 24CB8B08260F33F3003B3004 /* Build configuration list for PBXNativeTarget "Tests iOS" */;
			buildPhases = (
				24CB8AE4260F33F3003B3004 /* Sources */,
				24CB8AE5260F33F3003B3004 /* Frameworks */,
				24CB8AE6260F33F3003B3004 /* Resources */,
			);
			buildRules = (
			);
			dependencies = (
				24CB8AEA260F33F3003B3004 /* PBXTargetDependency */,
			);
			name = "Tests iOS";
			productName = "Tests iOS";
			productReference = 24CB8AE8260F33F3003B3004 /* Tests iOS.xctest */;
			productType = "com.apple.product-type.bundle.ui-testing";
		};
		24CB8AF2260F33F3003B3004 /* Tests macOS */ = {
			isa = PBXNativeTarget;
			buildConfigurationList = 24CB8B0B260F33F3003B3004 /* Build configuration list for PBXNativeTarget "Tests macOS" */;
			buildPhases = (
				24CB8AEF260F33F3003B3004 /* Sources */,
				24CB8AF0260F33F3003B3004 /* Frameworks */,
				24CB8AF1260F33F3003B3004 /* Resources */,
			);
			buildRules = (
			);
			dependencies = (
				24CB8AF5260F33F3003B3004 /* PBXTargetDependency */,
			);
			name = "Tests macOS";
			productName = "Tests macOS";
			productReference = 24CB8AF3260F33F3003B3004 /* Tests macOS.xctest */;
			productType = "com.apple.product-type.bundle.ui-testing";
		};
/* End PBXNativeTarget section */

/* Begin PBXProject section */
		24CB8ACC260F33F1003B3004 /* Project object */ = {
			isa = PBXProject;
			attributes = {
				LastSwiftUpdateCheck = 1230;
				LastUpgradeCheck = 1230;
				TargetAttributes = {
					24CB8AD7260F33F3003B3004 = {
						CreatedOnToolsVersion = 12.3;
					};
					24CB8ADF260F33F3003B3004 = {
						CreatedOnToolsVersion = 12.3;
					};
					24CB8AE7260F33F3003B3004 = {
						CreatedOnToolsVersion = 12.3;
						TestTargetID = 24CB8AD7260F33F3003B3004;
					};
					24CB8AF2260F33F3003B3004 = {
						CreatedOnToolsVersion = 12.3;
						TestTargetID = 24CB8ADF260F33F3003B3004;
					};
				};
			};
			buildConfigurationList = 24CB8ACF260F33F1003B3004 /* Build configuration list for PBXProject "SwiftUI_Tutorials" */;
			compatibilityVersion = "Xcode 9.3";
			developmentRegion = en;
			hasScannedForEncodings = 0;
			knownRegions = (
				en,
				Base,
			);
			mainGroup = 24CB8ACB260F33F1003B3004;
			productRefGroup = 24CB8AD9260F33F3003B3004 /* Products */;
			projectDirPath = "";
			projectRoot = "";
			targets = (
				24CB8AD7260F33F3003B3004 /* SwiftUI_Tutorials (iOS) */,
				24CB8ADF260F33F3003B3004 /* SwiftUI_Tutorials (macOS) */,
				24CB8AE7260F33F3003B3004 /* Tests iOS */,
				24CB8AF2260F33F3003B3004 /* Tests macOS */,
			);
		};
/* End PBXProject section */

/* Begin PBXResourcesBuildPhase section */
		24CB8AD6260F33F3003B3004 /* Resources */ = {
			isa = PBXResourcesBuildPhase;
			buildActionMask = 2147483647;
			files = (
				24CB8AFE260F33F3003B3004 /* Assets.xcassets in Resources */,
			);
			runOnlyForDeploymentPostprocessing = 0;
		};
		24CB8ADE260F33F3003B3004 /* Resources */ = {
			isa = PBXResourcesBuildPhase;
			buildActionMask = 2147483647;
			files = (
				24CB8AFF260F33F3003B3004 /* Assets.xcassets in Resources */,
			);
			runOnlyForDeploymentPostprocessing = 0;
		};
		24CB8AE6260F33F3003B3004 /* Resources */ = {
			isa = PBXResourcesBuildPhase;
			buildActionMask = 2147483647;
			files = (
			);
			runOnlyForDeploymentPostprocessing = 0;
		};
		24CB8AF1260F33F3003B3004 /* Resources */ = {
			isa = PBXResourcesBuildPhase;
			buildActionMask = 2147483647;
			files = (
			);
			runOnlyForDeploymentPostprocessing = 0;
		};
/* End PBXResourcesBuildPhase section */

/* Begin PBXSourcesBuildPhase section */
		24CB8AD4260F33F3003B3004 /* Sources */ = {
			isa = PBXSourcesBuildPhase;
			buildActionMask = 2147483647;
			files = (
				24CB8AFC260F33F3003B3004 /* ContentView.swift in Sources */,
				24CB8AFA260F33F3003B3004 /* SwiftUI_TutorialsApp.swift in Sources */,
			);
			runOnlyForDeploymentPostprocessing = 0;
		};
		24CB8ADC260F33F3003B3004 /* Sources */ = {
			isa = PBXSourcesBuildPhase;
			buildActionMask = 2147483647;
			files = (
				24CB8AFD260F33F3003B3004 /* ContentView.swift in Sources */,
				24CB8AFB260F33F3003B3004 /* SwiftUI_TutorialsApp.swift in Sources */,
			);
			runOnlyForDeploymentPostprocessing = 0;
		};
		24CB8AE4260F33F3003B3004 /* Sources */ = {
			isa = PBXSourcesBuildPhase;
			buildActionMask = 2147483647;
			files = (
				24CB8AED260F33F3003B3004 /* Tests_iOS.swift in Sources */,
			);
			runOnlyForDeploymentPostprocessing = 0;
		};
		24CB8AEF260F33F3003B3004 /* Sources */ = {
			isa = PBXSourcesBuildPhase;
			buildActionMask = 2147483647;
			files = (
				24CB8AF8260F33F3003B3004 /* Tests_macOS.swift in Sources */,
			);
			runOnlyForDeploymentPostprocessing = 0;
		};
/* End PBXSourcesBuildPhase section */

/* Begin PBXTargetDependency section */
		24CB8AEA260F33F3003B3004 /* PBXTargetDependency */ = {
			isa = PBXTargetDependency;
			target = 24CB8AD7260F33F3003B3004 /* SwiftUI_Tutorials (iOS) */;
			targetProxy = 24CB8AE9260F33F3003B3004 /* PBXContainerItemProxy */;
		};
		24CB8AF5260F33F3003B3004 /* PBXTargetDependency */ = {
			isa = PBXTargetDependency;
			target = 24CB8ADF260F33F3003B3004 /* SwiftUI_Tutorials (macOS) */;
			targetProxy = 24CB8AF4260F33F3003B3004 /* PBXContainerItemProxy */;
		};
/* End PBXTargetDependency section */

/* Begin XCBuildConfiguration section */
		24CB8B00260F33F3003B3004 /* Debug */ = {
			isa = XCBuildConfiguration;
			buildSettings = {
				ALWAYS_SEARCH_USER_PATHS = NO;
				CLANG_ANALYZER_NONNULL = YES;
				CLANG_ANALYZER_NUMBER_OBJECT_CONVERSION = YES_AGGRESSIVE;
				CLANG_CXX_LANGUAGE_STANDARD = "gnu++14";
				CLANG_CXX_LIBRARY = "libc++";
				CLANG_ENABLE_MODULES = YES;
				CLANG_ENABLE_OBJC_ARC = YES;
				CLANG_ENABLE_OBJC_WEAK = YES;
				CLANG_WARN_BLOCK_CAPTURE_AUTORELEASING = YES;
				CLANG_WARN_BOOL_CONVERSION = YES;
				CLANG_WARN_COMMA = YES;
				CLANG_WARN_CONSTANT_CONVERSION = YES;
				CLANG_WARN_DEPRECATED_OBJC_IMPLEMENTATIONS = YES;
				CLANG_WARN_DIRECT_OBJC_ISA_USAGE = YES_ERROR;
				CLANG_WARN_DOCUMENTATION_COMMENTS = YES;
				CLANG_WARN_EMPTY_BODY = YES;
				CLANG_WARN_ENUM_CONVERSION = YES;
				CLANG_WARN_INFINITE_RECURSION = YES;
				CLANG_WARN_INT_CONVERSION = YES;
				CLANG_WARN_NON_LITERAL_NULL_CONVERSION = YES;
				CLANG_WARN_OBJC_IMPLICIT_RETAIN_SELF = YES;
				CLANG_WARN_OBJC_LITERAL_CONVERSION = YES;
				CLANG_WARN_OBJC_ROOT_CLASS = YES_ERROR;
				CLANG_WARN_QUOTED_INCLUDE_IN_FRAMEWORK_HEADER = YES;
				CLANG_WARN_RANGE_LOOP_ANALYSIS = YES;
				CLANG_WARN_STRICT_PROTOTYPES = YES;
				CLANG_WARN_SUSPICIOUS_MOVE = YES;
				CLANG_WARN_UNGUARDED_AVAILABILITY = YES_AGGRESSIVE;
				CLANG_WARN_UNREACHABLE_CODE = YES;
				CLANG_WARN__DUPLICATE_METHOD_MATCH = YES;
				COPY_PHASE_STRIP = NO;
				DEBUG_INFORMATION_FORMAT = dwarf;
				ENABLE_STRICT_OBJC_MSGSEND = YES;
				ENABLE_TESTABILITY = YES;
				GCC_C_LANGUAGE_STANDARD = gnu11;
				GCC_DYNAMIC_NO_PIC = NO;
				GCC_NO_COMMON_BLOCKS = YES;
				GCC_OPTIMIZATION_LEVEL = 0;
				GCC_PREPROCESSOR_DEFINITIONS = (
					"DEBUG=1",
					"$(inherited)",
				);
				GCC_WARN_64_TO_32_BIT_CONVERSION = YES;
				GCC_WARN_ABOUT_RETURN_TYPE = YES_ERROR;
				GCC_WARN_UNDECLARED_SELECTOR = YES;
				GCC_WARN_UNINITIALIZED_AUTOS = YES_AGGRESSIVE;
				GCC_WARN_UNUSED_FUNCTION = YES;
				GCC_WARN_UNUSED_VARIABLE = YES;
				MTL_ENABLE_DEBUG_INFO = INCLUDE_SOURCE;
				MTL_FAST_MATH = YES;
				ONLY_ACTIVE_ARCH = YES;
				SWIFT_ACTIVE_COMPILATION_CONDITIONS = DEBUG;
				SWIFT_OPTIMIZATION_LEVEL = "-Onone";
			};
			name = Debug;
		};
		24CB8B01260F33F3003B3004 /* Release */ = {
			isa = XCBuildConfiguration;
			buildSettings = {
				ALWAYS_SEARCH_USER_PATHS = NO;
				CLANG_ANALYZER_NONNULL = YES;
				CLANG_ANALYZER_NUMBER_OBJECT_CONVERSION = YES_AGGRESSIVE;
				CLANG_CXX_LANGUAGE_STANDARD = "gnu++14";
				CLANG_CXX_LIBRARY = "libc++";
				CLANG_ENABLE_MODULES = YES;
				CLANG_ENABLE_OBJC_ARC = YES;
				CLANG_ENABLE_OBJC_WEAK = YES;
				CLANG_WARN_BLOCK_CAPTURE_AUTORELEASING = YES;
				CLANG_WARN_BOOL_CONVERSION = YES;
				CLANG_WARN_COMMA = YES;
				CLANG_WARN_CONSTANT_CONVERSION = YES;
				CLANG_WARN_DEPRECATED_OBJC_IMPLEMENTATIONS = YES;
				CLANG_WARN_DIRECT_OBJC_ISA_USAGE = YES_ERROR;
				CLANG_WARN_DOCUMENTATION_COMMENTS = YES;
				CLANG_WARN_EMPTY_BODY = YES;
				CLANG_WARN_ENUM_CONVERSION = YES;
				CLANG_WARN_INFINITE_RECURSION = YES;
				CLANG_WARN_INT_CONVERSION = YES;
				CLANG_WARN_NON_LITERAL_NULL_CONVERSION = YES;
				CLANG_WARN_OBJC_IMPLICIT_RETAIN_SELF = YES;
				CLANG_WARN_OBJC_LITERAL_CONVERSION = YES;
				CLANG_WARN_OBJC_ROOT_CLASS = YES_ERROR;
				CLANG_WARN_QUOTED_INCLUDE_IN_FRAMEWORK_HEADER = YES;
				CLANG_WARN_RANGE_LOOP_ANALYSIS = YES;
				CLANG_WARN_STRICT_PROTOTYPES = YES;
				CLANG_WARN_SUSPICIOUS_MOVE = YES;
				CLANG_WARN_UNGUARDED_AVAILABILITY = YES_AGGRESSIVE;
				CLANG_WARN_UNREACHABLE_CODE = YES;
				CLANG_WARN__DUPLICATE_METHOD_MATCH = YES;
				COPY_PHASE_STRIP = NO;
				DEBUG_INFORMATION_FORMAT = "dwarf-with-dsym";
				ENABLE_NS_ASSERTIONS = NO;
				ENABLE_STRICT_OBJC_MSGSEND = YES;
				GCC_C_LANGUAGE_STANDARD = gnu11;
				GCC_NO_COMMON_BLOCKS = YES;
				GCC_WARN_64_TO_32_BIT_CONVERSION = YES;
				GCC_WARN_ABOUT_RETURN_TYPE = YES_ERROR;
				GCC_WARN_UNDECLARED_SELECTOR = YES;
				GCC_WARN_UNINITIALIZED_AUTOS = YES_AGGRESSIVE;
				GCC_WARN_UNUSED_FUNCTION = YES;
				GCC_WARN_UNUSED_VARIABLE = YES;
				MTL_ENABLE_DEBUG_INFO = NO;
				MTL_FAST_MATH = YES;
				SWIFT_COMPILATION_MODE = wholemodule;
				SWIFT_OPTIMIZATION_LEVEL = "-O";
			};
			name = Release;
		};
		24CB8B03260F33F3003B3004 /* Debug */ = {
			isa = XCBuildConfiguration;
			buildSettings = {
				ASSETCATALOG_COMPILER_APPICON_NAME = AppIcon;
				ASSETCATALOG_COMPILER_GLOBAL_ACCENT_COLOR_NAME = AccentColor;
				CODE_SIGN_STYLE = Automatic;
				DEVELOPMENT_TEAM = FFT3L8JHJJ;
				ENABLE_PREVIEWS = YES;
				INFOPLIST_FILE = iOS/Info.plist;
				IPHONEOS_DEPLOYMENT_TARGET = 14.0;
				LD_RUNPATH_SEARCH_PATHS = (
					"$(inherited)",
					"@executable_path/Frameworks",
				);
				PRODUCT_BUNDLE_IDENTIFIER = "com.cathy.SwiftUI-Tutorials";
				PRODUCT_NAME = SwiftUI_Tutorials;
				SDKROOT = iphoneos;
				SWIFT_VERSION = 5.0;
				TARGETED_DEVICE_FAMILY = "1,2";
			};
			name = Debug;
		};
		24CB8B04260F33F3003B3004 /* Release */ = {
			isa = XCBuildConfiguration;
			buildSettings = {
				ASSETCATALOG_COMPILER_APPICON_NAME = AppIcon;
				ASSETCATALOG_COMPILER_GLOBAL_ACCENT_COLOR_NAME = AccentColor;
				CODE_SIGN_STYLE = Automatic;
				DEVELOPMENT_TEAM = FFT3L8JHJJ;
				ENABLE_PREVIEWS = YES;
				INFOPLIST_FILE = iOS/Info.plist;
				IPHONEOS_DEPLOYMENT_TARGET = 14.0;
				LD_RUNPATH_SEARCH_PATHS = (
					"$(inherited)",
					"@executable_path/Frameworks",
				);
				PRODUCT_BUNDLE_IDENTIFIER = "com.cathy.SwiftUI-Tutorials";
				PRODUCT_NAME = SwiftUI_Tutorials;
				SDKROOT = iphoneos;
				SWIFT_VERSION = 5.0;
				TARGETED_DEVICE_FAMILY = "1,2";
				VALIDATE_PRODUCT = YES;
			};
			name = Release;
		};
		24CB8B06260F33F3003B3004 /* Debug */ = {
			isa = XCBuildConfiguration;
			buildSettings = {
				ASSETCATALOG_COMPILER_APPICON_NAME = AppIcon;
				ASSETCATALOG_COMPILER_GLOBAL_ACCENT_COLOR_NAME = AccentColor;
				CODE_SIGN_ENTITLEMENTS = macOS/macOS.entitlements;
				CODE_SIGN_STYLE = Automatic;
				COMBINE_HIDPI_IMAGES = YES;
				DEVELOPMENT_TEAM = FFT3L8JHJJ;
				ENABLE_HARDENED_RUNTIME = YES;
				ENABLE_PREVIEWS = YES;
				INFOPLIST_FILE = macOS/Info.plist;
				LD_RUNPATH_SEARCH_PATHS = (
					"$(inherited)",
					"@executable_path/../Frameworks",
				);
				MACOSX_DEPLOYMENT_TARGET = 11.0;
				PRODUCT_BUNDLE_IDENTIFIER = "com.cathy.SwiftUI-Tutorials";
				PRODUCT_NAME = SwiftUI_Tutorials;
				SDKROOT = macosx;
				SWIFT_VERSION = 5.0;
			};
			name = Debug;
		};
		24CB8B07260F33F3003B3004 /* Release */ = {
			isa = XCBuildConfiguration;
			buildSettings = {
				ASSETCATALOG_COMPILER_APPICON_NAME = AppIcon;
				ASSETCATALOG_COMPILER_GLOBAL_ACCENT_COLOR_NAME = AccentColor;
				CODE_SIGN_ENTITLEMENTS = macOS/macOS.entitlements;
				CODE_SIGN_STYLE = Automatic;
				COMBINE_HIDPI_IMAGES = YES;
				DEVELOPMENT_TEAM = FFT3L8JHJJ;
				ENABLE_HARDENED_RUNTIME = YES;
				ENABLE_PREVIEWS = YES;
				INFOPLIST_FILE = macOS/Info.plist;
				LD_RUNPATH_SEARCH_PATHS = (
					"$(inherited)",
					"@executable_path/../Frameworks",
				);
				MACOSX_DEPLOYMENT_TARGET = 11.0;
				PRODUCT_BUNDLE_IDENTIFIER = "com.cathy.SwiftUI-Tutorials";
				PRODUCT_NAME = SwiftUI_Tutorials;
				SDKROOT = macosx;
				SWIFT_VERSION = 5.0;
			};
			name = Release;
		};
		24CB8B09260F33F3003B3004 /* Debug */ = {
			isa = XCBuildConfiguration;
			buildSettings = {
				ALWAYS_EMBED_SWIFT_STANDARD_LIBRARIES = YES;
				CODE_SIGN_STYLE = Automatic;
				DEVELOPMENT_TEAM = FFT3L8JHJJ;
				INFOPLIST_FILE = "Tests iOS/Info.plist";
				IPHONEOS_DEPLOYMENT_TARGET = 14.3;
				LD_RUNPATH_SEARCH_PATHS = (
					"$(inherited)",
					"@executable_path/Frameworks",
					"@loader_path/Frameworks",
				);
				PRODUCT_BUNDLE_IDENTIFIER = "com.cathy.Tests-iOS";
				PRODUCT_NAME = "$(TARGET_NAME)";
				SDKROOT = iphoneos;
				SWIFT_VERSION = 5.0;
				TARGETED_DEVICE_FAMILY = "1,2";
				TEST_TARGET_NAME = "SwiftUI_Tutorials (iOS)";
			};
			name = Debug;
		};
		24CB8B0A260F33F3003B3004 /* Release */ = {
			isa = XCBuildConfiguration;
			buildSettings = {
				ALWAYS_EMBED_SWIFT_STANDARD_LIBRARIES = YES;
				CODE_SIGN_STYLE = Automatic;
				DEVELOPMENT_TEAM = FFT3L8JHJJ;
				INFOPLIST_FILE = "Tests iOS/Info.plist";
				IPHONEOS_DEPLOYMENT_TARGET = 14.3;
				LD_RUNPATH_SEARCH_PATHS = (
					"$(inherited)",
					"@executable_path/Frameworks",
					"@loader_path/Frameworks",
				);
				PRODUCT_BUNDLE_IDENTIFIER = "com.cathy.Tests-iOS";
				PRODUCT_NAME = "$(TARGET_NAME)";
				SDKROOT = iphoneos;
				SWIFT_VERSION = 5.0;
				TARGETED_DEVICE_FAMILY = "1,2";
				TEST_TARGET_NAME = "SwiftUI_Tutorials (iOS)";
				VALIDATE_PRODUCT = YES;
			};
			name = Release;
		};
		24CB8B0C260F33F3003B3004 /* Debug */ = {
			isa = XCBuildConfiguration;
			buildSettings = {
				ALWAYS_EMBED_SWIFT_STANDARD_LIBRARIES = YES;
				CODE_SIGN_STYLE = Automatic;
				COMBINE_HIDPI_IMAGES = YES;
				DEVELOPMENT_TEAM = FFT3L8JHJJ;
				INFOPLIST_FILE = "Tests macOS/Info.plist";
				LD_RUNPATH_SEARCH_PATHS = (
					"$(inherited)",
					"@executable_path/../Frameworks",
					"@loader_path/../Frameworks",
				);
				MACOSX_DEPLOYMENT_TARGET = 10.15;
				PRODUCT_BUNDLE_IDENTIFIER = "com.cathy.Tests-macOS";
				PRODUCT_NAME = "$(TARGET_NAME)";
				SDKROOT = macosx;
				SWIFT_VERSION = 5.0;
				TEST_TARGET_NAME = "SwiftUI_Tutorials (macOS)";
			};
			name = Debug;
		};
		24CB8B0D260F33F3003B3004 /* Release */ = {
			isa = XCBuildConfiguration;
			buildSettings = {
				ALWAYS_EMBED_SWIFT_STANDARD_LIBRARIES = YES;
				CODE_SIGN_STYLE = Automatic;
				COMBINE_HIDPI_IMAGES = YES;
				DEVELOPMENT_TEAM = FFT3L8JHJJ;
				INFOPLIST_FILE = "Tests macOS/Info.plist";
				LD_RUNPATH_SEARCH_PATHS = (
					"$(inherited)",
					"@executable_path/../Frameworks",
					"@loader_path/../Frameworks",
				);
				MACOSX_DEPLOYMENT_TARGET = 10.15;
				PRODUCT_BUNDLE_IDENTIFIER = "com.cathy.Tests-macOS";
				PRODUCT_NAME = "$(TARGET_NAME)";
				SDKROOT = macosx;
				SWIFT_VERSION = 5.0;
				TEST_TARGET_NAME = "SwiftUI_Tutorials (macOS)";
			};
			name = Release;
		};
/* End XCBuildConfiguration section */

/* Begin XCConfigurationList section */
		24CB8ACF260F33F1003B3004 /* Build configuration list for PBXProject "SwiftUI_Tutorials" */ = {
			isa = XCConfigurationList;
			buildConfigurations = (
				24CB8B00260F33F3003B3004 /* Debug */,
				24CB8B01260F33F3003B3004 /* Release */,
			);
			defaultConfigurationIsVisible = 0;
			defaultConfigurationName = Release;
		};
		24CB8B02260F33F3003B3004 /* Build configuration list for PBXNativeTarget "SwiftUI_Tutorials (iOS)" */ = {
			isa = XCConfigurationList;
			buildConfigurations = (
				24CB8B03260F33F3003B3004 /* Debug */,
				24CB8B04260F33F3003B3004 /* Release */,
			);
			defaultConfigurationIsVisible = 0;
			defaultConfigurationName = Release;
		};
		24CB8B05260F33F3003B3004 /* Build configuration list for PBXNativeTarget "SwiftUI_Tutorials (macOS)" */ = {
			isa = XCConfigurationList;
			buildConfigurations = (
				24CB8B06260F33F3003B3004 /* Debug */,
				24CB8B07260F33F3003B3004 /* Release */,
			);
			defaultConfigurationIsVisible = 0;
			defaultConfigurationName = Release;
		};
		24CB8B08260F33F3003B3004 /* Build configuration list for PBXNativeTarget "Tests iOS" */ = {
			isa = XCConfigurationList;
			buildConfigurations = (
				24CB8B09260F33F3003B3004 /* Debug */,
				24CB8B0A260F33F3003B3004 /* Release */,
			);
			defaultConfigurationIsVisible = 0;
			defaultConfigurationName = Release;
		};
		24CB8B0B260F33F3003B3004 /* Build configuration list for PBXNativeTarget "Tests macOS" */ = {
			isa = XCConfigurationList;
			buildConfigurations = (
				24CB8B0C260F33F3003B3004 /* Debug */,
				24CB8B0D260F33F3003B3004 /* Release */,
			);
			defaultConfigurationIsVisible = 0;
			defaultConfigurationName = Release;
		};
/* End XCConfigurationList section */
	};
	rootObject = 24CB8ACC260F33F1003B3004 /* Project object */;
}
